
Microsoft Visual Studio Solution File, Format Version 12.00
# Visual Studio Version 16
VisualStudioVersion = 16.0.30907.101
MinimumVisualStudioVersion = 10.0.40219.1
Project("{FAE04EC0-301F-11D3-BF4B-00C04F79EFBC}") = "Website4", "Website4\Website4.csproj", "{B0811B63-0EA1-4FBF-A9A9-9EB98A7657E6}"
EndProject
Global
	GlobalSection(SolutionConfigurationPlatforms) = preSolution
		Debug|Any CPU = Debug|Any CPU
		Release|Any CPU = Release|Any CPU
	EndGlobalSection
	GlobalSection(ProjectConfigurationPlatforms) = postSolution
		{B0811B63-0EA1-4FBF-A9A9-9EB98A7657E6}.Debug|Any CPU.ActiveCfg = Debug|Any CPU
		{B0811B63-0EA1-4FBF-A9A9-9EB98A7657E6}.Debug|Any CPU.Build.0 = Debug|Any CPU
		{B0811B63-0EA1-4FBF-A9A9-9EB98A7657E6}.Release|Any CPU.ActiveCfg = Release|Any CPU
		{B0811B63-0EA1-4FBF-A9A9-9EB98A7657E6}.Release|Any CPU.Build.0 = Release|Any CPU
	EndGlobalSection
	GlobalSection(SolutionProperties) = preSolution
		HideSolutionNode = FALSE
	EndGlobalSection
	GlobalSection(ExtensibilityGlobals) = postSolution
		SolutionGuid = {A0F1BD6E-05F6-4A81-BA55-2E065546FA0D}
	EndGlobalSection
EndGlobal
